
Microsoft Visual Studio Solution File, Format Version 12.00
# Visual Studio Version 17
VisualStudioVersion = 17.3.32929.385
MinimumVisualStudioVersion = 10.0.40219.1
Project("{FAE04EC0-301F-11D3-BF4B-00C04F79EFBC}") = "OmoriMod_Om21341", "OmoriMod_Om21341.csproj", "{86157D7E-7D93-4190-8FC4-C09815561D83}"
EndProject
Global
	GlobalSection(SolutionConfigurationPlatforms) = preSolution
		Debug|Any CPU = Debug|Any CPU
		Release|Any CPU = Release|Any CPU
	EndGlobalSection
	GlobalSection(ProjectConfigurationPlatforms) = postSolution
		{86157D7E-7D93-4190-8FC4-C09815561D83}.Debug|Any CPU.ActiveCfg = Debug|Any CPU
		{86157D7E-7D93-4190-8FC4-C09815561D83}.Debug|Any CPU.Build.0 = Debug|Any CPU
		{86157D7E-7D93-4190-8FC4-C09815561D83}.Release|Any CPU.ActiveCfg = Release|Any CPU
		{86157D7E-7D93-4190-8FC4-C09815561D83}.Release|Any CPU.Build.0 = Release|Any CPU
	EndGlobalSection
	GlobalSection(SolutionProperties) = preSolution
		HideSolutionNode = FALSE
	EndGlobalSection
	GlobalSection(ExtensibilityGlobals) = postSolution
		SolutionGuid = {E19E240F-F4AB-43F2-A633-0FD93EE1F7CC}
	EndGlobalSection
EndGlobal
